<?xml version="1.0" encoding="UTF-8" standalone="yes" ?>
<CodeBlocks_project_file>
	<FileVersion major="1" minor="6" />
	<Project>
		<Option title="TAGCAN" />
		<Option pch_mode="2" />
		<Option compiler="gcc" />
		<Build>
			<Target title="Debug">
				<Option output="bin/Debug/TAGCAN" prefix_auto="1" extension_auto="1" />
				<Option object_output="obj/Debug/" />
				<Option type="1" />
				<Option compiler="gcc" />
				<Compiler>
					<Add option="-g" />
				</Compiler>
			</Target>
			<Target title="Release">
				<Option output="bin/Release/TAGCAN" prefix_auto="1" extension_auto="1" />
				<Option object_output="obj/Release/" />
				<Option type="1" />
				<Option compiler="gcc" />
				<Compiler>
					<Add option="-O2" />
				</Compiler>
				<Linker>
					<Add option="-s" />
				</Linker>
			</Target>
		</Build>
		<Compiler>
			<Add option="-Wall" />
		</Compiler>
		<UnitsGlob directory="include" wildcard="" recursive="1" id="299603298" addToProject="1">
			<Option target="Debug" />
			<Option target="Release" />
		</UnitsGlob>
		<UnitsGlob directory="scripts" wildcard="" recursive="1" id="530276766" addToProject="1">
			<Option target="Debug" />
			<Option target="Release" />
		</UnitsGlob>
		<Unit filename="include/config_value.h">
			<Option glob="299603298" />
		</Unit>
		<Unit filename="include/data_container.h">
			<Option glob="299603298" />
		</Unit>
		<Unit filename="include/empty_tags_value.h">
			<Option glob="299603298" />
		</Unit>
		<Unit filename="include/tag_manager.h">
			<Option glob="299603298" />
		</Unit>
		<Unit filename="include/tag_struct.h">
			<Option glob="299603298" />
		</Unit>
		<Unit filename="main.c">
			<Option compilerVar="CC" />
		</Unit>
		<Unit filename="scripts/config_value.c">
			<Option compilerVar="CC" />
			<Option glob="530276766" />
		</Unit>
		<Unit filename="scripts/data_container.c">
			<Option compilerVar="CC" />
			<Option glob="530276766" />
		</Unit>
		<Unit filename="scripts/empty_tags_value.c">
			<Option compilerVar="CC" />
			<Option glob="530276766" />
		</Unit>
		<Unit filename="scripts/main.c">
			<Option compilerVar="CC" />
			<Option glob="530276766" />
		</Unit>
		<Unit filename="scripts/tag_manager.c">
			<Option compilerVar="CC" />
			<Option glob="530276766" />
		</Unit>
		<Unit filename="scripts/tag_struct.c">
			<Option compilerVar="CC" />
			<Option glob="530276766" />
		</Unit>
		<Extensions />
	</Project>
</CodeBlocks_project_file>
